<?xml version="1.0" encoding="utf-8"?>
<Project ToolsVersion="4.0" xmlns="http://schemas.microsoft.com/developer/msbuild/2003">
  <ItemGroup>
    <ClCompile Include="main.cpp" />
    <ClCompile Include="Camera.cpp">
      <Filter>Camera</Filter>
    </ClCompile>
    <ClCompile Include="InputDevice.cpp">
      <Filter>Input</Filter>
    </ClCompile>
    <ClCompile Include="Keyboard.cpp">
      <Filter>Input\Keyboard</Filter>
    </ClCompile>
    <ClCompile Include="Joystick.cpp">
      <Filter>Input\Joystick</Filter>
    </ClCompile>
    <ClCompile Include="Mouse.cpp">
      <Filter>Input\Mouse</Filter>
    </ClCompile>
    <ClCompile Include="Sprite.cpp">
      <Filter>Sprite</Filter>
    </ClCompile>
    <ClCompile Include="WinSystem.cpp">
      <Filter>System</Filter>
    </ClCompile>
    <ClCompile Include="D3dSystem.cpp">
      <Filter>System</Filter>
    </ClCompile>
    <ClCompile Include="UISprite.cpp">
      <Filter>Sprite</Filter>
    </ClCompile>
    <ClCompile Include="TextureManager.cpp">
      <Filter>Sprite</Filter>
    </ClCompile>
    <ClCompile Include="CameraManager.cpp">
      <Filter>Camera</Filter>
    </ClCompile>
    <ClCompile Include="MusicManager.cpp">
      <Filter>Music</Filter>
    </ClCompile>
    <ClCompile Include="SceneManager.cpp">
      <Filter>Scene</Filter>
    </ClCompile>
    <ClCompile Include="SampleScene.cpp" />
    <ClCompile Include="Scene_Gravity.cpp">
      <Filter>Scene\Gravity</Filter>
    </ClCompile>
    <ClCompile Include="Hero.cpp">
      <Filter>Objects</Filter>
    </ClCompile>
    <ClCompile Include="Objects.cpp">
      <Filter>Objects</Filter>
    </ClCompile>
    <ClCompile Include="Collision.cpp" />
    <ClCompile Include="LoadManager.cpp">
      <Filter>Manager</Filter>
    </ClCompile>
    <ClCompile Include="FriendChange_UI.cpp">
      <Filter>UI</Filter>
    </ClCompile>
    <ClCompile Include="Friends_List.cpp">
      <Filter>Data</Filter>
    </ClCompile>
    <ClCompile Include="Friends.cpp">
      <Filter>Objects\Friends</Filter>
    </ClCompile>
    <ClCompile Include="Friends_Okulo.cpp">
      <Filter>Objects\Friends</Filter>
    </ClCompile>
    <ClCompile Include="Friends_Montrilo.cpp">
      <Filter>Objects\Friends</Filter>
    </ClCompile>
    <ClCompile Include="Friends_Mano.cpp">
      <Filter>Objects\Friends</Filter>
    </ClCompile>
    <ClCompile Include="Friends_Pilo.cpp">
      <Filter>Objects\Friends</Filter>
    </ClCompile>
    <ClCompile Include="Friends_Makzelo.cpp">
      <Filter>Objects\Friends</Filter>
    </ClCompile>
    <ClCompile Include="Friends_Vento.cpp">
      <Filter>Objects\Friends</Filter>
    </ClCompile>
    <ClCompile Include="Friends_Busxo.cpp">
      <Filter>Objects\Friends</Filter>
    </ClCompile>
    <ClCompile Include="Friends_Saltado.cpp">
      <Filter>Objects\Friends</Filter>
    </ClCompile>
    <ClCompile Include="Friends_Elitro.cpp">
      <Filter>Objects\Friends</Filter>
    </ClCompile>
    <ClCompile Include="MapTiles.cpp">
      <Filter>Data</Filter>
    </ClCompile>
    <ClCompile Include="DynamicObjects.cpp">
      <Filter>Objects</Filter>
    </ClCompile>
    <ClCompile Include="Tiles_Glass.cpp">
      <Filter>Objects\Tiles</Filter>
    </ClCompile>
    <ClCompile Include="Tiles_GroundEarth.cpp">
      <Filter>Objects\Tiles</Filter>
    </ClCompile>
    <ClCompile Include="Tiles_GroundEarthUp.cpp">
      <Filter>Objects\Tiles</Filter>
    </ClCompile>
    <ClCompile Include="Tiles_GroundStone.cpp">
      <Filter>Objects\Tiles</Filter>
    </ClCompile>
    <ClCompile Include="Tiles_GroundCreeper.cpp">
      <Filter>Objects\Tiles</Filter>
    </ClCompile>
    <ClCompile Include="Tiles_JailTrap.cpp">
      <Filter>Objects\Tiles</Filter>
    </ClCompile>
    <ClCompile Include="Tiles_MontriloDoor.cpp">
      <Filter>Objects\Tiles</Filter>
    </ClCompile>
    <ClCompile Include="Tiles.cpp">
      <Filter>Objects\Tiles</Filter>
    </ClCompile>
    <ClCompile Include="Tiles_Arrival.cpp">
      <Filter>Objects\Tiles</Filter>
    </ClCompile>
    <ClCompile Include="Tiles_JailLever.cpp">
      <Filter>Objects\Tiles</Filter>
    </ClCompile>
    <ClCompile Include="TilesWater.cpp">
      <Filter>Objects\Tiles\Water</Filter>
    </ClCompile>
    <ClCompile Include="Tiles_GroundWaterUp.cpp">
      <Filter>Objects\Tiles\Water</Filter>
    </ClCompile>
    <ClCompile Include="Tiles_GroundWater.cpp">
      <Filter>Objects\Tiles\Water</Filter>
    </ClCompile>
    <ClCompile Include="Tiles_Spark.cpp">
      <Filter>Objects\Tiles</Filter>
    </ClCompile>
    <ClCompile Include="Effect.cpp">
      <Filter>Objects\Effect</Filter>
    </ClCompile>
    <ClCompile Include="Effect_SparkArea.cpp">
      <Filter>Objects\Effect</Filter>
    </ClCompile>
    <ClCompile Include="Effect_SprakImpact.cpp">
      <Filter>Objects\Effect</Filter>
    </ClCompile>
    <ClCompile Include="Effect_List.cpp">
      <Filter>Data</Filter>
    </ClCompile>
    <ClCompile Include="DynamicObjects_List.cpp">
      <Filter>Data</Filter>
    </ClCompile>
  </ItemGroup>
  <ItemGroup>
    <ClInclude Include="Singleton.h" />
    <ClInclude Include="Camera.h">
      <Filter>Camera</Filter>
    </ClInclude>
    <ClInclude Include="InputDevice.h">
      <Filter>Input</Filter>
    </ClInclude>
    <ClInclude Include="Keyboard.h">
      <Filter>Input\Keyboard</Filter>
    </ClInclude>
    <ClInclude Include="Joystick.h">
      <Filter>Input\Joystick</Filter>
    </ClInclude>
    <ClInclude Include="Mouse.h">
      <Filter>Input\Mouse</Filter>
    </ClInclude>
    <ClInclude Include="Sprite.h">
      <Filter>Sprite</Filter>
    </ClInclude>
    <ClInclude Include="WinSystem.h">
      <Filter>System</Filter>
    </ClInclude>
    <ClInclude Include="D3dSystem.h">
      <Filter>System</Filter>
    </ClInclude>
    <ClInclude Include="UISprite.h">
      <Filter>Sprite</Filter>
    </ClInclude>
    <ClInclude Include="TextureManager.h">
      <Filter>Sprite</Filter>
    </ClInclude>
    <ClInclude Include="D3dDevice.h">
      <Filter>System</Filter>
    </ClInclude>
    <ClInclude Include="CameraManager.h">
      <Filter>Camera</Filter>
    </ClInclude>
    <ClInclude Include="MusicManager.h">
      <Filter>Music</Filter>
    </ClInclude>
    <ClInclude Include="Scene.h">
      <Filter>Scene</Filter>
    </ClInclude>
    <ClInclude Include="SceneManager.h">
      <Filter>Scene</Filter>
    </ClInclude>
    <ClInclude Include="SampleScene.h" />
    <ClInclude Include="Scene_Gravity.h">
      <Filter>Scene\Gravity</Filter>
    </ClInclude>
    <ClInclude Include="Hero.h">
      <Filter>Objects</Filter>
    </ClInclude>
    <ClInclude Include="Tiles.h">
      <Filter>Objects\Tiles</Filter>
    </ClInclude>
    <ClInclude Include="Objects.h">
      <Filter>Objects</Filter>
    </ClInclude>
    <ClInclude Include="Collision.h" />
    <ClInclude Include="LoadManager.h">
      <Filter>Manager</Filter>
    </ClInclude>
    <ClInclude Include="Friends.h">
      <Filter>Objects\Friends</Filter>
    </ClInclude>
    <ClInclude Include="FriendChange_UI.h">
      <Filter>UI</Filter>
    </ClInclude>
    <ClInclude Include="Friends_List.h">
      <Filter>Data</Filter>
    </ClInclude>
    <ClInclude Include="Friends_Okulo.h">
      <Filter>Objects\Friends</Filter>
    </ClInclude>
    <ClInclude Include="Friends_Montrilo.h">
      <Filter>Objects\Friends</Filter>
    </ClInclude>
    <ClInclude Include="Friends_Mano.h">
      <Filter>Objects\Friends</Filter>
    </ClInclude>
    <ClInclude Include="Friends_Pilo.h">
      <Filter>Objects\Friends</Filter>
    </ClInclude>
    <ClInclude Include="Friends_Makzelo.h">
      <Filter>Objects\Friends</Filter>
    </ClInclude>
    <ClInclude Include="Friends_Vento.h">
      <Filter>Objects\Friends</Filter>
    </ClInclude>
    <ClInclude Include="Friends_Busxo.h">
      <Filter>Objects\Friends</Filter>
    </ClInclude>
    <ClInclude Include="Friends_Saltado.h">
      <Filter>Objects\Friends</Filter>
    </ClInclude>
    <ClInclude Include="Friends_Elitro.h">
      <Filter>Objects\Friends</Filter>
    </ClInclude>
    <ClInclude Include="MapTiles.h">
      <Filter>Data</Filter>
    </ClInclude>
    <ClInclude Include="DynamicObjects.h">
      <Filter>Objects</Filter>
    </ClInclude>
    <ClInclude Include="Tiles_Glass.h">
      <Filter>Objects\Tiles</Filter>
    </ClInclude>
    <ClInclude Include="Tiles_GroundEarth.h">
      <Filter>Objects\Tiles</Filter>
    </ClInclude>
    <ClInclude Include="Tiles_GroundEarthUp.h">
      <Filter>Objects\Tiles</Filter>
    </ClInclude>
    <ClInclude Include="Tiles_GroundStone.h">
      <Filter>Objects\Tiles</Filter>
    </ClInclude>
    <ClInclude Include="Tiles_GroundCreeper.h">
      <Filter>Objects\Tiles</Filter>
    </ClInclude>
    <ClInclude Include="Tiles_JailTrap.h">
      <Filter>Objects\Tiles</Filter>
    </ClInclude>
    <ClInclude Include="Tiles_MontriloDoor.h">
      <Filter>Objects\Tiles</Filter>
    </ClInclude>
    <ClInclude Include="Tiles_Arrival.h">
      <Filter>Objects\Tiles</Filter>
    </ClInclude>
    <ClInclude Include="Tiles_JailLever.h">
      <Filter>Objects\Tiles</Filter>
    </ClInclude>
    <ClInclude Include="TilesWater.h">
      <Filter>Objects\Tiles\Water</Filter>
    </ClInclude>
    <ClInclude Include="Tiles_GroundWaterUp.h">
      <Filter>Objects\Tiles\Water</Filter>
    </ClInclude>
    <ClInclude Include="Tiles_GroundWater.h">
      <Filter>Objects\Tiles\Water</Filter>
    </ClInclude>
    <ClInclude Include="Tiles_Spark.h">
      <Filter>Objects\Tiles</Filter>
    </ClInclude>
    <ClInclude Include="Effect.h">
      <Filter>Objects\Effect</Filter>
    </ClInclude>
    <ClInclude Include="Effect_SparkArea.h">
      <Filter>Objects\Effect</Filter>
    </ClInclude>
    <ClInclude Include="Effect_SparkImpact.h">
      <Filter>Objects\Effect</Filter>
    </ClInclude>
    <ClInclude Include="Effect_List.h">
      <Filter>Data</Filter>
    </ClInclude>
    <ClInclude Include="DynamicObjects_List.h">
      <Filter>Data</Filter>
    </ClInclude>
  </ItemGroup>
  <ItemGroup>
    <Filter Include="Input">
      <UniqueIdentifier>{4ced6e0d-f5e9-4bf6-b17c-a5adb70956d1}</UniqueIdentifier>
    </Filter>
    <Filter Include="Camera">
      <UniqueIdentifier>{afaa3fdc-b837-41e6-9732-5e3b106d2e2a}</UniqueIdentifier>
    </Filter>
    <Filter Include="Sprite">
      <UniqueIdentifier>{a6ebb11c-4d13-4acf-b135-c7a60bd95b89}</UniqueIdentifier>
    </Filter>
    <Filter Include="System">
      <UniqueIdentifier>{b458d96c-cd47-42f0-8dce-17f4139ce764}</UniqueIdentifier>
    </Filter>
    <Filter Include="Input\Keyboard">
      <UniqueIdentifier>{a98dc42d-dfe3-4853-be59-a0f6e4dc2185}</UniqueIdentifier>
    </Filter>
    <Filter Include="Input\Joystick">
      <UniqueIdentifier>{567428eb-5b7e-4b87-9c03-b75fbddfbf9d}</UniqueIdentifier>
    </Filter>
    <Filter Include="Input\Mouse">
      <UniqueIdentifier>{da6eebf9-eaf7-4ba7-bc59-e83facc8b3b9}</UniqueIdentifier>
    </Filter>
    <Filter Include="Music">
      <UniqueIdentifier>{20f3370a-ac2e-4037-9d8c-c2dd436c93e7}</UniqueIdentifier>
    </Filter>
    <Filter Include="Scene">
      <UniqueIdentifier>{09e25e2d-2eaa-43b0-b1ef-6b3f56621ca4}</UniqueIdentifier>
    </Filter>
    <Filter Include="Scene\Gravity">
      <UniqueIdentifier>{6e91e47f-8961-413e-821a-8ca705c2ee18}</UniqueIdentifier>
    </Filter>
    <Filter Include="Objects">
      <UniqueIdentifier>{593ef434-2a81-4a7c-a2bf-ffc7e79d110a}</UniqueIdentifier>
    </Filter>
    <Filter Include="Objects\Tiles">
      <UniqueIdentifier>{b6da109d-b495-4dff-8995-f89b3ec83d93}</UniqueIdentifier>
    </Filter>
    <Filter Include="Manager">
      <UniqueIdentifier>{c436f5c8-0495-4ecb-9a0d-d9c3d641bb81}</UniqueIdentifier>
    </Filter>
    <Filter Include="Objects\Friends">
      <UniqueIdentifier>{12390ad6-6250-4b09-8ada-a606a7392f27}</UniqueIdentifier>
    </Filter>
    <Filter Include="UI">
      <UniqueIdentifier>{54b15f07-6efa-4c74-9c17-7e046de19846}</UniqueIdentifier>
    </Filter>
    <Filter Include="Data">
      <UniqueIdentifier>{2b3d3912-94b2-468b-91f4-d411edb16678}</UniqueIdentifier>
    </Filter>
    <Filter Include="Objects\Tiles\Water">
      <UniqueIdentifier>{3455ecec-03a2-4ed1-ae6c-abc88be4ef07}</UniqueIdentifier>
    </Filter>
    <Filter Include="Objects\Effect">
      <UniqueIdentifier>{a3e72b43-8121-4f55-8c1c-c522bafea8b7}</UniqueIdentifier>
    </Filter>
  </ItemGroup>
</Project>